
Microsoft Visual Studio Solution File, Format Version 12.00
# Visual Studio Version 16
VisualStudioVersion = 25.0.1705.4
MinimumVisualStudioVersion = 10.0.40219.1
Project("{FAE04EC0-301F-11D3-BF4B-00C04F79EFBC}") = "ParallelProgrammingAndConcurrency", "ParallelProgrammingAndConcurrency\ParallelProgrammingAndConcurrency.csproj", "{2A4A42B5-7C71-4DF2-BFDC-905BCD8E195B}"
EndProject
Project("{FAE04EC0-301F-11D3-BF4B-00C04F79EFBC}") = "ABackgroundPingConsoleApp", "ABackgroundPingConsoleApp\ABackgroundPingConsoleApp.csproj", "{4189C1E0-0225-4F26-AD0A-8E54914E2430}"
EndProject
Project("{FAE04EC0-301F-11D3-BF4B-00C04F79EFBC}") = "ABackgroundPingConsoleScheduleApp", "ABackgroundPingConsoleScheduleApp\ABackgroundPingConsoleScheduleApp.csproj", "{7904C690-FA10-4C1A-804C-6D1EB56B137A}"
EndProject
Project("{FAE04EC0-301F-11D3-BF4B-00C04F79EFBC}") = "BParallelExamples", "BParallelExamples\BParallelExamples.csproj", "{BA46ED64-8FF7-47A9-ADA8-AAE0D485C911}"
EndProject
Project("{FAE04EC0-301F-11D3-BF4B-00C04F79EFBC}") = "BAsyncConsoleExample", "BAsyncConsoleExample\BAsyncConsoleExample.csproj", "{D733822F-C504-4587-A857-293A21A6B1BB}"
EndProject
Project("{FAE04EC0-301F-11D3-BF4B-00C04F79EFBC}") = "CThreadingStaticDataExample", "CThreadingStaticDataExample\CThreadingStaticDataExample.csproj", "{E271F243-B796-4EA0-859F-825EA26CF777}"
EndProject
Global
	GlobalSection(SolutionConfigurationPlatforms) = preSolution
		Debug|Any CPU = Debug|Any CPU
		Release|Any CPU = Release|Any CPU
	EndGlobalSection
	GlobalSection(ProjectConfigurationPlatforms) = postSolution
		{2A4A42B5-7C71-4DF2-BFDC-905BCD8E195B}.Debug|Any CPU.ActiveCfg = Debug|Any CPU
		{2A4A42B5-7C71-4DF2-BFDC-905BCD8E195B}.Debug|Any CPU.Build.0 = Debug|Any CPU
		{2A4A42B5-7C71-4DF2-BFDC-905BCD8E195B}.Release|Any CPU.ActiveCfg = Release|Any CPU
		{2A4A42B5-7C71-4DF2-BFDC-905BCD8E195B}.Release|Any CPU.Build.0 = Release|Any CPU
		{4189C1E0-0225-4F26-AD0A-8E54914E2430}.Debug|Any CPU.ActiveCfg = Debug|Any CPU
		{4189C1E0-0225-4F26-AD0A-8E54914E2430}.Debug|Any CPU.Build.0 = Debug|Any CPU
		{4189C1E0-0225-4F26-AD0A-8E54914E2430}.Release|Any CPU.ActiveCfg = Release|Any CPU
		{4189C1E0-0225-4F26-AD0A-8E54914E2430}.Release|Any CPU.Build.0 = Release|Any CPU
		{7904C690-FA10-4C1A-804C-6D1EB56B137A}.Debug|Any CPU.ActiveCfg = Debug|Any CPU
		{7904C690-FA10-4C1A-804C-6D1EB56B137A}.Debug|Any CPU.Build.0 = Debug|Any CPU
		{7904C690-FA10-4C1A-804C-6D1EB56B137A}.Release|Any CPU.ActiveCfg = Release|Any CPU
		{7904C690-FA10-4C1A-804C-6D1EB56B137A}.Release|Any CPU.Build.0 = Release|Any CPU
		{BA46ED64-8FF7-47A9-ADA8-AAE0D485C911}.Debug|Any CPU.ActiveCfg = Debug|Any CPU
		{BA46ED64-8FF7-47A9-ADA8-AAE0D485C911}.Debug|Any CPU.Build.0 = Debug|Any CPU
		{BA46ED64-8FF7-47A9-ADA8-AAE0D485C911}.Release|Any CPU.ActiveCfg = Release|Any CPU
		{BA46ED64-8FF7-47A9-ADA8-AAE0D485C911}.Release|Any CPU.Build.0 = Release|Any CPU
		{D733822F-C504-4587-A857-293A21A6B1BB}.Debug|Any CPU.ActiveCfg = Debug|Any CPU
		{D733822F-C504-4587-A857-293A21A6B1BB}.Debug|Any CPU.Build.0 = Debug|Any CPU
		{D733822F-C504-4587-A857-293A21A6B1BB}.Release|Any CPU.ActiveCfg = Release|Any CPU
		{D733822F-C504-4587-A857-293A21A6B1BB}.Release|Any CPU.Build.0 = Release|Any CPU
		{E271F243-B796-4EA0-859F-825EA26CF777}.Debug|Any CPU.ActiveCfg = Debug|Any CPU
		{E271F243-B796-4EA0-859F-825EA26CF777}.Debug|Any CPU.Build.0 = Debug|Any CPU
		{E271F243-B796-4EA0-859F-825EA26CF777}.Release|Any CPU.ActiveCfg = Release|Any CPU
		{E271F243-B796-4EA0-859F-825EA26CF777}.Release|Any CPU.Build.0 = Release|Any CPU
	EndGlobalSection
	GlobalSection(SolutionProperties) = preSolution
		HideSolutionNode = FALSE
	EndGlobalSection
	GlobalSection(ExtensibilityGlobals) = postSolution
		SolutionGuid = {40E5A3B3-5A77-4D30-9CAB-AB8EC3154D3D}
	EndGlobalSection
EndGlobal
